
Microsoft Visual Studio Solution File, Format Version 12.00
# Visual Studio Version 16
VisualStudioVersion = 16.0.29411.108
MinimumVisualStudioVersion = 10.0.40219.1
Project("{FAE04EC0-301F-11D3-BF4B-00C04F79EFBC}") = "SpotListAPI", "SpotListAPI\SpotListAPI.csproj", "{0BAA2D04-A37D-461F-9B74-38B382127568}"
EndProject
Global
	GlobalSection(SolutionConfigurationPlatforms) = preSolution
		Debug|Any CPU = Debug|Any CPU
		Release|Any CPU = Release|Any CPU
	EndGlobalSection
	GlobalSection(ProjectConfigurationPlatforms) = postSolution
		{0BAA2D04-A37D-461F-9B74-38B382127568}.Debug|Any CPU.ActiveCfg = Debug|Any CPU
		{0BAA2D04-A37D-461F-9B74-38B382127568}.Debug|Any CPU.Build.0 = Debug|Any CPU
		{0BAA2D04-A37D-461F-9B74-38B382127568}.Release|Any CPU.ActiveCfg = Release|Any CPU
		{0BAA2D04-A37D-461F-9B74-38B382127568}.Release|Any CPU.Build.0 = Release|Any CPU
	EndGlobalSection
	GlobalSection(SolutionProperties) = preSolution
		HideSolutionNode = FALSE
	EndGlobalSection
	GlobalSection(ExtensibilityGlobals) = postSolution
		SolutionGuid = {027486D8-8B11-4F7A-9545-F561B1D96868}
	EndGlobalSection
EndGlobal
